
Microsoft Visual Studio Solution File, Format Version 12.00
# Visual Studio Version 16
VisualStudioVersion = 16.0.30907.101
MinimumVisualStudioVersion = 10.0.40219.1
Project("{888888A0-9F3D-457C-B088-3A5042F75D52}") = "compositepk-model", "compositepk-model\compositepk-model.pyproj", "{C1C7A144-3F6B-40BB-B0BC-F07A71348FD9}"
EndProject
Global
	GlobalSection(SolutionConfigurationPlatforms) = preSolution
		Debug|Any CPU = Debug|Any CPU
		Release|Any CPU = Release|Any CPU
	EndGlobalSection
	GlobalSection(ProjectConfigurationPlatforms) = postSolution
		{C1C7A144-3F6B-40BB-B0BC-F07A71348FD9}.Debug|Any CPU.ActiveCfg = Debug|Any CPU
		{C1C7A144-3F6B-40BB-B0BC-F07A71348FD9}.Debug|Any CPU.Build.0 = Debug|Any CPU
		{C1C7A144-3F6B-40BB-B0BC-F07A71348FD9}.Release|Any CPU.ActiveCfg = Release|Any CPU
		{C1C7A144-3F6B-40BB-B0BC-F07A71348FD9}.Release|Any CPU.Build.0 = Release|Any CPU
	EndGlobalSection
	GlobalSection(SolutionProperties) = preSolution
		HideSolutionNode = FALSE
	EndGlobalSection
	GlobalSection(ExtensibilityGlobals) = postSolution
		SolutionGuid = {8F4B3092-A427-4C13-A941-7146321E586C}
	EndGlobalSection
EndGlobal
